
Microsoft Visual Studio Solution File, Format Version 12.00
# Visual Studio Version 17
VisualStudioVersion = 17.5.002.0
MinimumVisualStudioVersion = 10.0.40219.1
Project("{2150E333-8FDC-42A3-9474-1A3956D46DE8}") = "csharp-prep", "csharp-prep", "{3C356313-C202-4E85-88A6-4637F5A475F0}"
EndProject
Project("{9A19103F-16F7-4668-BE54-9A1E7A4F7556}") = "Prep1", "csharp-prep\Prep1\Prep1.csproj", "{E1AA7F3E-A6A9-453C-959A-BF929401E33E}"
EndProject
Project("{9A19103F-16F7-4668-BE54-9A1E7A4F7556}") = "Prep2", "csharp-prep\Prep2\Prep2.csproj", "{5C38F42B-B678-4BC2-91EC-11AE76AF016D}"
EndProject
Project("{9A19103F-16F7-4668-BE54-9A1E7A4F7556}") = "Prep3", "csharp-prep\Prep3\Prep3.csproj", "{D4CC398D-B711-45C4-AB29-A907C79B286A}"
EndProject
Project("{9A19103F-16F7-4668-BE54-9A1E7A4F7556}") = "Prep4", "csharp-prep\Prep4\Prep4.csproj", "{94F8291E-C066-456A-933A-43D467C602FD}"
EndProject
Project("{9A19103F-16F7-4668-BE54-9A1E7A4F7556}") = "Prep5", "csharp-prep\Prep5\Prep5.csproj", "{96E4801A-A3FE-471F-8EFD-B0833989E703}"
EndProject
Project("{2150E333-8FDC-42A3-9474-1A3956D46DE8}") = "final", "final", "{75975454-64FF-469A-A4CF-F8A1C01EDD44}"
EndProject
Project("{9A19103F-16F7-4668-BE54-9A1E7A4F7556}") = "FinalProject", "final\FinalProject\FinalProject.csproj", "{C5E6A681-9E86-4C83-9324-56998C257644}"
EndProject
Project("{9A19103F-16F7-4668-BE54-9A1E7A4F7556}") = "Foundation1", "final\Foundation1\Foundation1.csproj", "{651D3922-FC57-440D-89C0-F78F7E9CF0E9}"
EndProject
Project("{9A19103F-16F7-4668-BE54-9A1E7A4F7556}") = "Foundation2", "final\Foundation2\Foundation2.csproj", "{2D73E0B0-954B-4295-9123-128248DC87CC}"
EndProject
Project("{9A19103F-16F7-4668-BE54-9A1E7A4F7556}") = "Foundation3", "final\Foundation3\Foundation3.csproj", "{2A116754-01C4-465A-955D-6B0C8C07C269}"
EndProject
Project("{9A19103F-16F7-4668-BE54-9A1E7A4F7556}") = "Foundation4", "final\Foundation4\Foundation4.csproj", "{8E59CFC0-A3D2-4583-8D7B-51D8FD7C4AAD}"
EndProject
Project("{2150E333-8FDC-42A3-9474-1A3956D46DE8}") = "prepare", "prepare", "{4491B51C-C3A2-4C45-9EDC-4257A1A14683}"
EndProject
Project("{9A19103F-16F7-4668-BE54-9A1E7A4F7556}") = "Learning02", "prepare\Learning02\Learning02.csproj", "{1A21EF44-2C98-497C-A371-A39D80E34E3F}"
EndProject
Project("{9A19103F-16F7-4668-BE54-9A1E7A4F7556}") = "Learning03", "prepare\Learning03\Learning03.csproj", "{CAFB9946-83F0-426D-991C-341833141F26}"
EndProject
Project("{9A19103F-16F7-4668-BE54-9A1E7A4F7556}") = "Learning04", "prepare\Learning04\Learning04.csproj", "{C0D929B0-6323-40EC-BA70-BDB8938125F7}"
EndProject
Project("{9A19103F-16F7-4668-BE54-9A1E7A4F7556}") = "Learning05", "prepare\Learning05\Learning05.csproj", "{713462BB-41F3-4F3A-9D42-71E21B447C30}"
EndProject
Project("{2150E333-8FDC-42A3-9474-1A3956D46DE8}") = "prove", "prove", "{889848B0-7D6D-4A86-93EF-B5ABF354E447}"
EndProject
Project("{9A19103F-16F7-4668-BE54-9A1E7A4F7556}") = "Develop02", "prove\Develop02\Develop02.csproj", "{1FCA3EA1-3886-47B3-8644-E95150BC01FB}"
EndProject
Project("{9A19103F-16F7-4668-BE54-9A1E7A4F7556}") = "Develop03", "prove\Develop03\Develop03.csproj", "{67F56D12-D393-4BB2-9BD5-62EC0583C13F}"
EndProject
Project("{9A19103F-16F7-4668-BE54-9A1E7A4F7556}") = "Develop04", "prove\Develop04\Develop04.csproj", "{C9671F95-1059-40F2-AF32-CE6B1AD1D7A6}"
EndProject
Project("{9A19103F-16F7-4668-BE54-9A1E7A4F7556}") = "Develop05", "prove\Develop05\Develop05.csproj", "{389E1ED2-B438-4166-A5F7-4343997A7FAD}"
EndProject
Project("{2150E333-8FDC-42A3-9474-1A3956D46DE8}") = "sandbox", "sandbox", "{5B116EB0-96AA-4BCA-BFDC-7527896BABCF}"
EndProject
Project("{9A19103F-16F7-4668-BE54-9A1E7A4F7556}") = "Sandbox", "sandbox\Sandbox\Sandbox.csproj", "{287955A4-E504-44D9-8366-068EDAF5737D}"
EndProject
Global
	GlobalSection(SolutionConfigurationPlatforms) = preSolution
		Debug|Any CPU = Debug|Any CPU
		Release|Any CPU = Release|Any CPU
	EndGlobalSection
	GlobalSection(ProjectConfigurationPlatforms) = postSolution
		{E1AA7F3E-A6A9-453C-959A-BF929401E33E}.Debug|Any CPU.ActiveCfg = Debug|Any CPU
		{E1AA7F3E-A6A9-453C-959A-BF929401E33E}.Debug|Any CPU.Build.0 = Debug|Any CPU
		{E1AA7F3E-A6A9-453C-959A-BF929401E33E}.Release|Any CPU.ActiveCfg = Release|Any CPU
		{E1AA7F3E-A6A9-453C-959A-BF929401E33E}.Release|Any CPU.Build.0 = Release|Any CPU
		{5C38F42B-B678-4BC2-91EC-11AE76AF016D}.Debug|Any CPU.ActiveCfg = Debug|Any CPU
		{5C38F42B-B678-4BC2-91EC-11AE76AF016D}.Debug|Any CPU.Build.0 = Debug|Any CPU
		{5C38F42B-B678-4BC2-91EC-11AE76AF016D}.Release|Any CPU.ActiveCfg = Release|Any CPU
		{5C38F42B-B678-4BC2-91EC-11AE76AF016D}.Release|Any CPU.Build.0 = Release|Any CPU
		{D4CC398D-B711-45C4-AB29-A907C79B286A}.Debug|Any CPU.ActiveCfg = Debug|Any CPU
		{D4CC398D-B711-45C4-AB29-A907C79B286A}.Debug|Any CPU.Build.0 = Debug|Any CPU
		{D4CC398D-B711-45C4-AB29-A907C79B286A}.Release|Any CPU.ActiveCfg = Release|Any CPU
		{D4CC398D-B711-45C4-AB29-A907C79B286A}.Release|Any CPU.Build.0 = Release|Any CPU
		{94F8291E-C066-456A-933A-43D467C602FD}.Debug|Any CPU.ActiveCfg = Debug|Any CPU
		{94F8291E-C066-456A-933A-43D467C602FD}.Debug|Any CPU.Build.0 = Debug|Any CPU
		{94F8291E-C066-456A-933A-43D467C602FD}.Release|Any CPU.ActiveCfg = Release|Any CPU
		{94F8291E-C066-456A-933A-43D467C602FD}.Release|Any CPU.Build.0 = Release|Any CPU
		{96E4801A-A3FE-471F-8EFD-B0833989E703}.Debug|Any CPU.ActiveCfg = Debug|Any CPU
		{96E4801A-A3FE-471F-8EFD-B0833989E703}.Debug|Any CPU.Build.0 = Debug|Any CPU
		{96E4801A-A3FE-471F-8EFD-B0833989E703}.Release|Any CPU.ActiveCfg = Release|Any CPU
		{96E4801A-A3FE-471F-8EFD-B0833989E703}.Release|Any CPU.Build.0 = Release|Any CPU
		{C5E6A681-9E86-4C83-9324-56998C257644}.Debug|Any CPU.ActiveCfg = Debug|Any CPU
		{C5E6A681-9E86-4C83-9324-56998C257644}.Debug|Any CPU.Build.0 = Debug|Any CPU
		{C5E6A681-9E86-4C83-9324-56998C257644}.Release|Any CPU.ActiveCfg = Release|Any CPU
		{C5E6A681-9E86-4C83-9324-56998C257644}.Release|Any CPU.Build.0 = Release|Any CPU
		{651D3922-FC57-440D-89C0-F78F7E9CF0E9}.Debug|Any CPU.ActiveCfg = Debug|Any CPU
		{651D3922-FC57-440D-89C0-F78F7E9CF0E9}.Debug|Any CPU.Build.0 = Debug|Any CPU
		{651D3922-FC57-440D-89C0-F78F7E9CF0E9}.Release|Any CPU.ActiveCfg = Release|Any CPU
		{651D3922-FC57-440D-89C0-F78F7E9CF0E9}.Release|Any CPU.Build.0 = Release|Any CPU
		{2D73E0B0-954B-4295-9123-128248DC87CC}.Debug|Any CPU.ActiveCfg = Debug|Any CPU
		{2D73E0B0-954B-4295-9123-128248DC87CC}.Debug|Any CPU.Build.0 = Debug|Any CPU
		{2D73E0B0-954B-4295-9123-128248DC87CC}.Release|Any CPU.ActiveCfg = Release|Any CPU
		{2D73E0B0-954B-4295-9123-128248DC87CC}.Release|Any CPU.Build.0 = Release|Any CPU
		{2A116754-01C4-465A-955D-6B0C8C07C269}.Debug|Any CPU.ActiveCfg = Debug|Any CPU
		{2A116754-01C4-465A-955D-6B0C8C07C269}.Debug|Any CPU.Build.0 = Debug|Any CPU
		{2A116754-01C4-465A-955D-6B0C8C07C269}.Release|Any CPU.ActiveCfg = Release|Any CPU
		{2A116754-01C4-465A-955D-6B0C8C07C269}.Release|Any CPU.Build.0 = Release|Any CPU
		{8E59CFC0-A3D2-4583-8D7B-51D8FD7C4AAD}.Debug|Any CPU.ActiveCfg = Debug|Any CPU
		{8E59CFC0-A3D2-4583-8D7B-51D8FD7C4AAD}.Debug|Any CPU.Build.0 = Debug|Any CPU
		{8E59CFC0-A3D2-4583-8D7B-51D8FD7C4AAD}.Release|Any CPU.ActiveCfg = Release|Any CPU
		{8E59CFC0-A3D2-4583-8D7B-51D8FD7C4AAD}.Release|Any CPU.Build.0 = Release|Any CPU
		{1A21EF44-2C98-497C-A371-A39D80E34E3F}.Debug|Any CPU.ActiveCfg = Debug|Any CPU
		{1A21EF44-2C98-497C-A371-A39D80E34E3F}.Debug|Any CPU.Build.0 = Debug|Any CPU
		{1A21EF44-2C98-497C-A371-A39D80E34E3F}.Release|Any CPU.ActiveCfg = Release|Any CPU
		{1A21EF44-2C98-497C-A371-A39D80E34E3F}.Release|Any CPU.Build.0 = Release|Any CPU
		{CAFB9946-83F0-426D-991C-341833141F26}.Debug|Any CPU.ActiveCfg = Debug|Any CPU
		{CAFB9946-83F0-426D-991C-341833141F26}.Debug|Any CPU.Build.0 = Debug|Any CPU
		{CAFB9946-83F0-426D-991C-341833141F26}.Release|Any CPU.ActiveCfg = Release|Any CPU
		{CAFB9946-83F0-426D-991C-341833141F26}.Release|Any CPU.Build.0 = Release|Any CPU
		{C0D929B0-6323-40EC-BA70-BDB8938125F7}.Debug|Any CPU.ActiveCfg = Debug|Any CPU
		{C0D929B0-6323-40EC-BA70-BDB8938125F7}.Debug|Any CPU.Build.0 = Debug|Any CPU
		{C0D929B0-6323-40EC-BA70-BDB8938125F7}.Release|Any CPU.ActiveCfg = Release|Any CPU
		{C0D929B0-6323-40EC-BA70-BDB8938125F7}.Release|Any CPU.Build.0 = Release|Any CPU
		{713462BB-41F3-4F3A-9D42-71E21B447C30}.Debug|Any CPU.ActiveCfg = Debug|Any CPU
		{713462BB-41F3-4F3A-9D42-71E21B447C30}.Debug|Any CPU.Build.0 = Debug|Any CPU
		{713462BB-41F3-4F3A-9D42-71E21B447C30}.Release|Any CPU.ActiveCfg = Release|Any CPU
		{713462BB-41F3-4F3A-9D42-71E21B447C30}.Release|Any CPU.Build.0 = Release|Any CPU
		{1FCA3EA1-3886-47B3-8644-E95150BC01FB}.Debug|Any CPU.ActiveCfg = Debug|Any CPU
		{1FCA3EA1-3886-47B3-8644-E95150BC01FB}.Debug|Any CPU.Build.0 = Debug|Any CPU
		{1FCA3EA1-3886-47B3-8644-E95150BC01FB}.Release|Any CPU.ActiveCfg = Release|Any CPU
		{1FCA3EA1-3886-47B3-8644-E95150BC01FB}.Release|Any CPU.Build.0 = Release|Any CPU
		{67F56D12-D393-4BB2-9BD5-62EC0583C13F}.Debug|Any CPU.ActiveCfg = Debug|Any CPU
		{67F56D12-D393-4BB2-9BD5-62EC0583C13F}.Debug|Any CPU.Build.0 = Debug|Any CPU
		{67F56D12-D393-4BB2-9BD5-62EC0583C13F}.Release|Any CPU.ActiveCfg = Release|Any CPU
		{67F56D12-D393-4BB2-9BD5-62EC0583C13F}.Release|Any CPU.Build.0 = Release|Any CPU
		{C9671F95-1059-40F2-AF32-CE6B1AD1D7A6}.Debug|Any CPU.ActiveCfg = Debug|Any CPU
		{C9671F95-1059-40F2-AF32-CE6B1AD1D7A6}.Debug|Any CPU.Build.0 = Debug|Any CPU
		{C9671F95-1059-40F2-AF32-CE6B1AD1D7A6}.Release|Any CPU.ActiveCfg = Release|Any CPU
		{C9671F95-1059-40F2-AF32-CE6B1AD1D7A6}.Release|Any CPU.Build.0 = Release|Any CPU
		{389E1ED2-B438-4166-A5F7-4343997A7FAD}.Debug|Any CPU.ActiveCfg = Debug|Any CPU
		{389E1ED2-B438-4166-A5F7-4343997A7FAD}.Debug|Any CPU.Build.0 = Debug|Any CPU
		{389E1ED2-B438-4166-A5F7-4343997A7FAD}.Release|Any CPU.ActiveCfg = Release|Any CPU
		{389E1ED2-B438-4166-A5F7-4343997A7FAD}.Release|Any CPU.Build.0 = Release|Any CPU
		{287955A4-E504-44D9-8366-068EDAF5737D}.Debug|Any CPU.ActiveCfg = Debug|Any CPU
		{287955A4-E504-44D9-8366-068EDAF5737D}.Debug|Any CPU.Build.0 = Debug|Any CPU
		{287955A4-E504-44D9-8366-068EDAF5737D}.Release|Any CPU.ActiveCfg = Release|Any CPU
		{287955A4-E504-44D9-8366-068EDAF5737D}.Release|Any CPU.Build.0 = Release|Any CPU
	EndGlobalSection
	GlobalSection(SolutionProperties) = preSolution
		HideSolutionNode = FALSE
	EndGlobalSection
	GlobalSection(NestedProjects) = preSolution
		{E1AA7F3E-A6A9-453C-959A-BF929401E33E} = {3C356313-C202-4E85-88A6-4637F5A475F0}
		{5C38F42B-B678-4BC2-91EC-11AE76AF016D} = {3C356313-C202-4E85-88A6-4637F5A475F0}
		{D4CC398D-B711-45C4-AB29-A907C79B286A} = {3C356313-C202-4E85-88A6-4637F5A475F0}
		{94F8291E-C066-456A-933A-43D467C602FD} = {3C356313-C202-4E85-88A6-4637F5A475F0}
		{96E4801A-A3FE-471F-8EFD-B0833989E703} = {3C356313-C202-4E85-88A6-4637F5A475F0}
		{C5E6A681-9E86-4C83-9324-56998C257644} = {75975454-64FF-469A-A4CF-F8A1C01EDD44}
		{651D3922-FC57-440D-89C0-F78F7E9CF0E9} = {75975454-64FF-469A-A4CF-F8A1C01EDD44}
		{2D73E0B0-954B-4295-9123-128248DC87CC} = {75975454-64FF-469A-A4CF-F8A1C01EDD44}
		{2A116754-01C4-465A-955D-6B0C8C07C269} = {75975454-64FF-469A-A4CF-F8A1C01EDD44}
		{8E59CFC0-A3D2-4583-8D7B-51D8FD7C4AAD} = {75975454-64FF-469A-A4CF-F8A1C01EDD44}
		{1A21EF44-2C98-497C-A371-A39D80E34E3F} = {4491B51C-C3A2-4C45-9EDC-4257A1A14683}
		{CAFB9946-83F0-426D-991C-341833141F26} = {4491B51C-C3A2-4C45-9EDC-4257A1A14683}
		{C0D929B0-6323-40EC-BA70-BDB8938125F7} = {4491B51C-C3A2-4C45-9EDC-4257A1A14683}
		{713462BB-41F3-4F3A-9D42-71E21B447C30} = {4491B51C-C3A2-4C45-9EDC-4257A1A14683}
		{1FCA3EA1-3886-47B3-8644-E95150BC01FB} = {889848B0-7D6D-4A86-93EF-B5ABF354E447}
		{67F56D12-D393-4BB2-9BD5-62EC0583C13F} = {889848B0-7D6D-4A86-93EF-B5ABF354E447}
		{C9671F95-1059-40F2-AF32-CE6B1AD1D7A6} = {889848B0-7D6D-4A86-93EF-B5ABF354E447}
		{389E1ED2-B438-4166-A5F7-4343997A7FAD} = {889848B0-7D6D-4A86-93EF-B5ABF354E447}
		{287955A4-E504-44D9-8366-068EDAF5737D} = {5B116EB0-96AA-4BCA-BFDC-7527896BABCF}
	EndGlobalSection
	GlobalSection(ExtensibilityGlobals) = postSolution
		SolutionGuid = {C821DA93-6056-4EC7-A3CA-CD612804005E}
	EndGlobalSection
EndGlobal
